
Microsoft Visual Studio Solution File, Format Version 12.00
# Visual Studio 15
Project("{FAE04EC0-301F-11D3-BF4B-00C04F79EFBC}") = "Assembly-CSharp", "Assembly-CSharp.csproj", "{9CA12ADE-2A7F-3A9D-77AC-BF1D6D6B634A}"
EndProject
Global
	GlobalSection(SolutionConfigurationPlatforms) = preSolution
		Debug|Any CPU = Debug|Any CPU
		Release|Any CPU = Release|Any CPU
	EndGlobalSection
	GlobalSection(ProjectConfigurationPlatforms) = postSolution
		{9CA12ADE-2A7F-3A9D-77AC-BF1D6D6B634A}.Debug|Any CPU.ActiveCfg = Debug|Any CPU
		{9CA12ADE-2A7F-3A9D-77AC-BF1D6D6B634A}.Debug|Any CPU.Build.0 = Debug|Any CPU
		{9CA12ADE-2A7F-3A9D-77AC-BF1D6D6B634A}.Release|Any CPU.ActiveCfg = Release|Any CPU
		{9CA12ADE-2A7F-3A9D-77AC-BF1D6D6B634A}.Release|Any CPU.Build.0 = Release|Any CPU
	EndGlobalSection
	GlobalSection(SolutionProperties) = preSolution
		HideSolutionNode = FALSE
	EndGlobalSection
EndGlobal
