
Microsoft Visual Studio Solution File, Format Version 12.00
# Visual Studio 15
Project("{FAE04EC0-301F-11D3-BF4B-00C04F79EFBC}") = "UnityEngine.UI", "UnityEngine.UI.csproj", "{26A14804-DF4A-F5CA-65AA-8B7531322721}"
EndProject
Project("{FAE04EC0-301F-11D3-BF4B-00C04F79EFBC}") = "Assembly-CSharp", "Assembly-CSharp.csproj", "{B78B02FA-A2E6-E97C-E77E-5B1088FE9CBE}"
EndProject
Project("{FAE04EC0-301F-11D3-BF4B-00C04F79EFBC}") = "Unity.2D.Tilemap.Editor", "Unity.2D.Tilemap.Editor.csproj", "{8CD135FA-0B93-22F1-4963-EA2F5BF9721F}"
EndProject
Project("{FAE04EC0-301F-11D3-BF4B-00C04F79EFBC}") = "Unity.2D.Sprite.Editor", "Unity.2D.Sprite.Editor.csproj", "{3D1B991E-1662-F1AA-448D-2B3E0990E8F3}"
EndProject
Project("{FAE04EC0-301F-11D3-BF4B-00C04F79EFBC}") = "UnityEditor.UI", "UnityEditor.UI.csproj", "{E4D58BE0-68BA-29F4-6A31-DD1A43648D2C}"
EndProject
Global
	GlobalSection(SolutionConfigurationPlatforms) = preSolution
		Debug|Any CPU = Debug|Any CPU
		Release|Any CPU = Release|Any CPU
	EndGlobalSection
	GlobalSection(ProjectConfigurationPlatforms) = postSolution
		{26A14804-DF4A-F5CA-65AA-8B7531322721}.Debug|Any CPU.ActiveCfg = Debug|Any CPU
		{26A14804-DF4A-F5CA-65AA-8B7531322721}.Debug|Any CPU.Build.0 = Debug|Any CPU
		{26A14804-DF4A-F5CA-65AA-8B7531322721}.Release|Any CPU.ActiveCfg = Release|Any CPU
		{26A14804-DF4A-F5CA-65AA-8B7531322721}.Release|Any CPU.Build.0 = Release|Any CPU
		{B78B02FA-A2E6-E97C-E77E-5B1088FE9CBE}.Debug|Any CPU.ActiveCfg = Debug|Any CPU
		{B78B02FA-A2E6-E97C-E77E-5B1088FE9CBE}.Debug|Any CPU.Build.0 = Debug|Any CPU
		{B78B02FA-A2E6-E97C-E77E-5B1088FE9CBE}.Release|Any CPU.ActiveCfg = Release|Any CPU
		{B78B02FA-A2E6-E97C-E77E-5B1088FE9CBE}.Release|Any CPU.Build.0 = Release|Any CPU
		{8CD135FA-0B93-22F1-4963-EA2F5BF9721F}.Debug|Any CPU.ActiveCfg = Debug|Any CPU
		{8CD135FA-0B93-22F1-4963-EA2F5BF9721F}.Debug|Any CPU.Build.0 = Debug|Any CPU
		{8CD135FA-0B93-22F1-4963-EA2F5BF9721F}.Release|Any CPU.ActiveCfg = Release|Any CPU
		{8CD135FA-0B93-22F1-4963-EA2F5BF9721F}.Release|Any CPU.Build.0 = Release|Any CPU
		{3D1B991E-1662-F1AA-448D-2B3E0990E8F3}.Debug|Any CPU.ActiveCfg = Debug|Any CPU
		{3D1B991E-1662-F1AA-448D-2B3E0990E8F3}.Debug|Any CPU.Build.0 = Debug|Any CPU
		{3D1B991E-1662-F1AA-448D-2B3E0990E8F3}.Release|Any CPU.ActiveCfg = Release|Any CPU
		{3D1B991E-1662-F1AA-448D-2B3E0990E8F3}.Release|Any CPU.Build.0 = Release|Any CPU
		{E4D58BE0-68BA-29F4-6A31-DD1A43648D2C}.Debug|Any CPU.ActiveCfg = Debug|Any CPU
		{E4D58BE0-68BA-29F4-6A31-DD1A43648D2C}.Debug|Any CPU.Build.0 = Debug|Any CPU
		{E4D58BE0-68BA-29F4-6A31-DD1A43648D2C}.Release|Any CPU.ActiveCfg = Release|Any CPU
		{E4D58BE0-68BA-29F4-6A31-DD1A43648D2C}.Release|Any CPU.Build.0 = Release|Any CPU
	EndGlobalSection
	GlobalSection(SolutionProperties) = preSolution
		HideSolutionNode = FALSE
	EndGlobalSection
EndGlobal
